# This file is generated by running "yarn install" inside your project.
# Manual changes might be lost - proceed with caution!

__metadata:
  version: 8
  cacheKey: 10c0

"@babel/runtime@npm:^7.21.0":
  version: 7.23.5
  resolution: "@babel/runtime@npm:7.23.5"
  dependencies:
    regenerator-runtime: "npm:^0.14.0"
  checksum: ca679cc91bb7e424bc2db87bb58cc3b06ade916b9adb21fbbdc43e54cdaacb3eea201ceba2a0464b11d2eb65b9fe6a6ffcf4d7521fa52994f19be96f1af14788
  languageName: node
  linkType: hard

"@cspotcode/source-map-support@npm:^0.8.0":
  version: 0.8.1
  resolution: "@cspotcode/source-map-support@npm:0.8.1"
  dependencies:
    "@jridgewell/trace-mapping": "npm:0.3.9"
  checksum: 05c5368c13b662ee4c122c7bfbe5dc0b613416672a829f3e78bc49a357a197e0218d6e74e7c66cfcd04e15a179acab080bd3c69658c9fbefd0e1ccd950a07fc6
  languageName: node
  linkType: hard

"@jridgewell/resolve-uri@npm:^3.0.3":
  version: 3.1.1
  resolution: "@jridgewell/resolve-uri@npm:3.1.1"
  checksum: 0dbc9e29bc640bbbdc5b9876d2859c69042bfcf1423c1e6421bcca53e826660bff4e41c7d4bcb8dbea696404231a6f902f76ba41835d049e20f2dd6cffb713bf
  languageName: node
  linkType: hard

"@jridgewell/sourcemap-codec@npm:^1.4.10":
  version: 1.4.15
  resolution: "@jridgewell/sourcemap-codec@npm:1.4.15"
  checksum: 0c6b5ae663087558039052a626d2d7ed5208da36cfd707dcc5cea4a07cfc918248403dcb5989a8f7afaf245ce0573b7cc6fd94c4a30453bd10e44d9363940ba5
  languageName: node
  linkType: hard

"@jridgewell/trace-mapping@npm:0.3.9":
  version: 0.3.9
  resolution: "@jridgewell/trace-mapping@npm:0.3.9"
  dependencies:
    "@jridgewell/resolve-uri": "npm:^3.0.3"
    "@jridgewell/sourcemap-codec": "npm:^1.4.10"
  checksum: fa425b606d7c7ee5bfa6a31a7b050dd5814b4082f318e0e4190f991902181b4330f43f4805db1dd4f2433fd0ed9cc7a7b9c2683f1deeab1df1b0a98b1e24055b
  languageName: node
  linkType: hard

"@sqltools/formatter@npm:^1.2.5":
  version: 1.2.5
  resolution: "@sqltools/formatter@npm:1.2.5"
  checksum: 4b4fa62b8cd4880784b71cc5edd4a13da04fda0a915c14282765a8ec1a900a495e69b322704413e2052d221b5646d9fb0e20e87911f9a8f438f33180eecb11a4
  languageName: node
  linkType: hard

"@tsconfig/node10@npm:^1.0.7":
  version: 1.0.9
  resolution: "@tsconfig/node10@npm:1.0.9"
  checksum: c176a2c1e1b16be120c328300ea910df15fb9a5277010116d26818272341a11483c5a80059389d04edacf6fd2d03d4687ad3660870fdd1cc0b7109e160adb220
  languageName: node
  linkType: hard

"@tsconfig/node12@npm:^1.0.7":
  version: 1.0.11
  resolution: "@tsconfig/node12@npm:1.0.11"
  checksum: dddca2b553e2bee1308a056705103fc8304e42bb2d2cbd797b84403a223b25c78f2c683ec3e24a095e82cd435387c877239bffcb15a590ba817cd3f6b9a99fd9
  languageName: node
  linkType: hard

"@tsconfig/node14@npm:^1.0.0":
  version: 1.0.3
  resolution: "@tsconfig/node14@npm:1.0.3"
  checksum: 67c1316d065fdaa32525bc9449ff82c197c4c19092b9663b23213c8cbbf8d88b6ed6a17898e0cbc2711950fbfaf40388938c1c748a2ee89f7234fc9e7fe2bf44
  languageName: node
  linkType: hard

"@tsconfig/node16@npm:^1.0.2":
  version: 1.0.4
  resolution: "@tsconfig/node16@npm:1.0.4"
  checksum: 05f8f2734e266fb1839eb1d57290df1664fe2aa3b0fdd685a9035806daa635f7519bf6d5d9b33f6e69dd545b8c46bd6e2b5c79acb2b1f146e885f7f11a42a5bb
  languageName: node
  linkType: hard

"@types/node@npm:*, @types/node@npm:^20.10.2":
  version: 20.10.2
  resolution: "@types/node@npm:20.10.2"
  dependencies:
    undici-types: "npm:~5.26.4"
  checksum: c24630d6bdd237f538d69886868fc29abba8c59f58996b6a6267c42e2253a84a18834c09408b3d887ec74f69e6828e25e3d23cf6fa0daac5902afccaf0568d7e
  languageName: node
  linkType: hard

"@types/pg@npm:^8":
  version: 8.10.9
  resolution: "@types/pg@npm:8.10.9"
  dependencies:
    "@types/node": "npm:*"
    pg-protocol: "npm:*"
    pg-types: "npm:^4.0.1"
  checksum: 6b3bec7230d09da6459636a66dfd6fb538378e466ffff0a0bcd07d67aa4ddce49c73afc7442f53adec92a49dbf9e71d8d847e0075750d7545331735dfd92d22c
  languageName: node
  linkType: hard

"acorn-walk@npm:^8.1.1":
  version: 8.3.0
  resolution: "acorn-walk@npm:8.3.0"
  checksum: 24346e595f507b6e704a60d35f3c5e1aa9891d4fb6a3fc3d856503ab718cc26cabb5e3e1ff0ff8da6ec03d60a8226ebdb602805a94f970e7f797ea3b8b09437f
  languageName: node
  linkType: hard

"acorn@npm:^8.4.1":
  version: 8.11.2
  resolution: "acorn@npm:8.11.2"
  bin:
    acorn: bin/acorn
  checksum: a3ed76c761b75ec54b1ec3068fb7f113a182e95aea7f322f65098c2958d232e3d211cb6dac35ff9c647024b63714bc528a26d54a925d1fef2c25585b4c8e4017
  languageName: node
  linkType: hard

"ansi-regex@npm:^5.0.1":
  version: 5.0.1
  resolution: "ansi-regex@npm:5.0.1"
  checksum: 9a64bb8627b434ba9327b60c027742e5d17ac69277960d041898596271d992d4d52ba7267a63ca10232e29f6107fc8a835f6ce8d719b88c5f8493f8254813737
  languageName: node
  linkType: hard

"ansi-styles@npm:^4.0.0, ansi-styles@npm:^4.1.0":
  version: 4.3.0
  resolution: "ansi-styles@npm:4.3.0"
  dependencies:
    color-convert: "npm:^2.0.1"
  checksum: 895a23929da416f2bd3de7e9cb4eabd340949328ab85ddd6e484a637d8f6820d485f53933446f5291c3b760cbc488beb8e88573dd0f9c7daf83dccc8fe81b041
  languageName: node
  linkType: hard

"any-promise@npm:^1.0.0":
  version: 1.3.0
  resolution: "any-promise@npm:1.3.0"
  checksum: 60f0298ed34c74fef50daab88e8dab786036ed5a7fad02e012ab57e376e0a0b4b29e83b95ea9b5e7d89df762f5f25119b83e00706ecaccb22cfbacee98d74889
  languageName: node
  linkType: hard

"app-root-path@npm:^3.1.0":
  version: 3.1.0
  resolution: "app-root-path@npm:3.1.0"
  checksum: 4a0fd976de1bffcdb18a5e1f8050091f15d0780e0582bca99aaa9d52de71f0e08e5185355fcffc781180bfb898499e787a2f5ed79b9c448b942b31dc947acaa9
  languageName: node
  linkType: hard

"arg@npm:^4.1.0":
  version: 4.1.3
  resolution: "arg@npm:4.1.3"
  checksum: 070ff801a9d236a6caa647507bdcc7034530604844d64408149a26b9e87c2f97650055c0f049abd1efc024b334635c01f29e0b632b371ac3f26130f4cf65997a
  languageName: node
  linkType: hard

"balanced-match@npm:^1.0.0":
  version: 1.0.2
  resolution: "balanced-match@npm:1.0.2"
  checksum: 9308baf0a7e4838a82bbfd11e01b1cb0f0cf2893bc1676c27c2a8c0e70cbae1c59120c3268517a8ae7fb6376b4639ef81ca22582611dbee4ed28df945134aaee
  languageName: node
  linkType: hard

"base64-js@npm:^1.3.1":
  version: 1.5.1
  resolution: "base64-js@npm:1.5.1"
  checksum: f23823513b63173a001030fae4f2dabe283b99a9d324ade3ad3d148e218134676f1ee8568c877cd79ec1c53158dcf2d2ba527a97c606618928ba99dd930102bf
  languageName: node
  linkType: hard

"brace-expansion@npm:^2.0.1":
  version: 2.0.1
  resolution: "brace-expansion@npm:2.0.1"
  dependencies:
    balanced-match: "npm:^1.0.0"
  checksum: b358f2fe060e2d7a87aa015979ecea07f3c37d4018f8d6deb5bd4c229ad3a0384fe6029bb76cd8be63c81e516ee52d1a0673edbe2023d53a5191732ae3c3e49f
  languageName: node
  linkType: hard

"buffer-writer@npm:2.0.0":
  version: 2.0.0
  resolution: "buffer-writer@npm:2.0.0"
  checksum: c91b2ab09a200cf0862237e5a4dbd5077003b42d26d4f0c596ec7149f82ef83e0751d670bcdf379ed988d1a08c0fac7759a8cb928cf1a4710a1988a7618b1190
  languageName: node
  linkType: hard

"buffer@npm:^6.0.3":
  version: 6.0.3
  resolution: "buffer@npm:6.0.3"
  dependencies:
    base64-js: "npm:^1.3.1"
    ieee754: "npm:^1.2.1"
  checksum: 2a905fbbcde73cc5d8bd18d1caa23715d5f83a5935867c2329f0ac06104204ba7947be098fe1317fbd8830e26090ff8e764f08cd14fefc977bb248c3487bcbd0
  languageName: node
  linkType: hard

"chalk@npm:^4.0.0, chalk@npm:^4.1.2":
  version: 4.1.2
  resolution: "chalk@npm:4.1.2"
  dependencies:
    ansi-styles: "npm:^4.1.0"
    supports-color: "npm:^7.1.0"
  checksum: 4a3fef5cc34975c898ffe77141450f679721df9dde00f6c304353fa9c8b571929123b26a0e4617bde5018977eb655b31970c297b91b63ee83bb82aeb04666880
  languageName: node
  linkType: hard

"chat-system@workspace:.":
  version: 0.0.0-use.local
  resolution: "chat-system@workspace:."
  dependencies:
    "@types/node": "npm:^20.10.2"
    "@types/pg": "npm:^8"
    pg: "npm:^8.11.3"
    prettier: "npm:^3.1.0"
    reflect-metadata: "npm:^0.1.13"
    ts-node: "npm:^10.9.1"
    tsconfig-paths: "npm:^4.2.0"
    tslib: "npm:^2.6.2"
    typeorm: "npm:^0.3.17"
    typescript: "npm:^5.3.2"
  languageName: unknown
  linkType: soft

"cli-highlight@npm:^2.1.11":
  version: 2.1.11
  resolution: "cli-highlight@npm:2.1.11"
  dependencies:
    chalk: "npm:^4.0.0"
    highlight.js: "npm:^10.7.1"
    mz: "npm:^2.4.0"
    parse5: "npm:^5.1.1"
    parse5-htmlparser2-tree-adapter: "npm:^6.0.0"
    yargs: "npm:^16.0.0"
  bin:
    highlight: bin/highlight
  checksum: b5b4af3b968aa9df77eee449a400fbb659cf47c4b03a395370bd98d5554a00afaa5819b41a9a8a1ca0d37b0b896a94e57c65289b37359a25b700b1f56eb04852
  languageName: node
  linkType: hard

"cliui@npm:^7.0.2":
  version: 7.0.4
  resolution: "cliui@npm:7.0.4"
  dependencies:
    string-width: "npm:^4.2.0"
    strip-ansi: "npm:^6.0.0"
    wrap-ansi: "npm:^7.0.0"
  checksum: 6035f5daf7383470cef82b3d3db00bec70afb3423538c50394386ffbbab135e26c3689c41791f911fa71b62d13d3863c712fdd70f0fbdffd938a1e6fd09aac00
  languageName: node
  linkType: hard

"cliui@npm:^8.0.1":
  version: 8.0.1
  resolution: "cliui@npm:8.0.1"
  dependencies:
    string-width: "npm:^4.2.0"
    strip-ansi: "npm:^6.0.1"
    wrap-ansi: "npm:^7.0.0"
  checksum: 4bda0f09c340cbb6dfdc1ed508b3ca080f12992c18d68c6be4d9cf51756033d5266e61ec57529e610dacbf4da1c634423b0c1b11037709cc6b09045cbd815df5
  languageName: node
  linkType: hard

"color-convert@npm:^2.0.1":
  version: 2.0.1
  resolution: "color-convert@npm:2.0.1"
  dependencies:
    color-name: "npm:~1.1.4"
  checksum: 37e1150172f2e311fe1b2df62c6293a342ee7380da7b9cfdba67ea539909afbd74da27033208d01d6d5cfc65ee7868a22e18d7e7648e004425441c0f8a15a7d7
  languageName: node
  linkType: hard

"color-name@npm:~1.1.4":
  version: 1.1.4
  resolution: "color-name@npm:1.1.4"
  checksum: a1a3f914156960902f46f7f56bc62effc6c94e84b2cae157a526b1c1f74b677a47ec602bf68a61abfa2b42d15b7c5651c6dbe72a43af720bc588dff885b10f95
  languageName: node
  linkType: hard

"create-require@npm:^1.1.0":
  version: 1.1.1
  resolution: "create-require@npm:1.1.1"
  checksum: 157cbc59b2430ae9a90034a5f3a1b398b6738bf510f713edc4d4e45e169bc514d3d99dd34d8d01ca7ae7830b5b8b537e46ae8f3c8f932371b0875c0151d7ec91
  languageName: node
  linkType: hard

"date-fns@npm:^2.29.3":
  version: 2.30.0
  resolution: "date-fns@npm:2.30.0"
  dependencies:
    "@babel/runtime": "npm:^7.21.0"
  checksum: e4b521fbf22bc8c3db332bbfb7b094fd3e7627de0259a9d17c7551e2d2702608a7307a449206065916538e384f37b181565447ce2637ae09828427aed9cb5581
  languageName: node
  linkType: hard

"debug@npm:^4.3.4":
  version: 4.3.4
  resolution: "debug@npm:4.3.4"
  dependencies:
    ms: "npm:2.1.2"
  peerDependenciesMeta:
    supports-color:
      optional: true
  checksum: cedbec45298dd5c501d01b92b119cd3faebe5438c3917ff11ae1bff86a6c722930ac9c8659792824013168ba6db7c4668225d845c633fbdafbbf902a6389f736
  languageName: node
  linkType: hard

"diff@npm:^4.0.1":
  version: 4.0.2
  resolution: "diff@npm:4.0.2"
  checksum: 81b91f9d39c4eaca068eb0c1eb0e4afbdc5bb2941d197f513dd596b820b956fef43485876226d65d497bebc15666aa2aa82c679e84f65d5f2bfbf14ee46e32c1
  languageName: node
  linkType: hard

"dotenv@npm:^16.0.3":
  version: 16.3.1
  resolution: "dotenv@npm:16.3.1"
  checksum: b95ff1bbe624ead85a3cd70dbd827e8e06d5f05f716f2d0cbc476532d54c7c9469c3bc4dd93ea519f6ad711cb522c00ac9a62b6eb340d5affae8008facc3fbd7
  languageName: node
  linkType: hard

"emoji-regex@npm:^8.0.0":
  version: 8.0.0
  resolution: "emoji-regex@npm:8.0.0"
  checksum: b6053ad39951c4cf338f9092d7bfba448cdfd46fe6a2a034700b149ac9ffbc137e361cbd3c442297f86bed2e5f7576c1b54cc0a6bf8ef5106cc62f496af35010
  languageName: node
  linkType: hard

"escalade@npm:^3.1.1":
  version: 3.1.1
  resolution: "escalade@npm:3.1.1"
  checksum: afd02e6ca91ffa813e1108b5e7756566173d6bc0d1eb951cb44d6b21702ec17c1cf116cfe75d4a2b02e05acb0b808a7a9387d0d1ca5cf9c04ad03a8445c3e46d
  languageName: node
  linkType: hard

"fs.realpath@npm:^1.0.0":
  version: 1.0.0
  resolution: "fs.realpath@npm:1.0.0"
  checksum: 444cf1291d997165dfd4c0d58b69f0e4782bfd9149fd72faa4fe299e68e0e93d6db941660b37dd29153bf7186672ececa3b50b7e7249477b03fdf850f287c948
  languageName: node
  linkType: hard

"get-caller-file@npm:^2.0.5":
  version: 2.0.5
  resolution: "get-caller-file@npm:2.0.5"
  checksum: c6c7b60271931fa752aeb92f2b47e355eac1af3a2673f47c9589e8f8a41adc74d45551c1bc57b5e66a80609f10ffb72b6f575e4370d61cc3f7f3aaff01757cde
  languageName: node
  linkType: hard

"glob@npm:^8.1.0":
  version: 8.1.0
  resolution: "glob@npm:8.1.0"
  dependencies:
    fs.realpath: "npm:^1.0.0"
    inflight: "npm:^1.0.4"
    inherits: "npm:2"
    minimatch: "npm:^5.0.1"
    once: "npm:^1.3.0"
  checksum: cb0b5cab17a59c57299376abe5646c7070f8acb89df5595b492dba3bfb43d301a46c01e5695f01154e6553168207cb60d4eaf07d3be4bc3eb9b0457c5c561d0f
  languageName: node
  linkType: hard

"has-flag@npm:^4.0.0":
  version: 4.0.0
  resolution: "has-flag@npm:4.0.0"
  checksum: 2e789c61b7888d66993e14e8331449e525ef42aac53c627cc53d1c3334e768bcb6abdc4f5f0de1478a25beec6f0bd62c7549058b7ac53e924040d4f301f02fd1
  languageName: node
  linkType: hard

"highlight.js@npm:^10.7.1":
  version: 10.7.3
  resolution: "highlight.js@npm:10.7.3"
  checksum: 073837eaf816922427a9005c56c42ad8786473dc042332dfe7901aa065e92bc3d94ebf704975257526482066abb2c8677cc0326559bb8621e046c21c5991c434
  languageName: node
  linkType: hard

"ieee754@npm:^1.2.1":
  version: 1.2.1
  resolution: "ieee754@npm:1.2.1"
  checksum: b0782ef5e0935b9f12883a2e2aa37baa75da6e66ce6515c168697b42160807d9330de9a32ec1ed73149aea02e0d822e572bca6f1e22bdcbd2149e13b050b17bb
  languageName: node
  linkType: hard

"inflight@npm:^1.0.4":
  version: 1.0.6
  resolution: "inflight@npm:1.0.6"
  dependencies:
    once: "npm:^1.3.0"
    wrappy: "npm:1"
  checksum: 7faca22584600a9dc5b9fca2cd5feb7135ac8c935449837b315676b4c90aa4f391ec4f42240178244b5a34e8bede1948627fda392ca3191522fc46b34e985ab2
  languageName: node
  linkType: hard

"inherits@npm:2, inherits@npm:^2.0.1":
  version: 2.0.4
  resolution: "inherits@npm:2.0.4"
  checksum: 4e531f648b29039fb7426fb94075e6545faa1eb9fe83c29f0b6d9e7263aceb4289d2d4557db0d428188eeb449cc7c5e77b0a0b2c4e248ff2a65933a0dee49ef2
  languageName: node
  linkType: hard

"is-fullwidth-code-point@npm:^3.0.0":
  version: 3.0.0
  resolution: "is-fullwidth-code-point@npm:3.0.0"
  checksum: bb11d825e049f38e04c06373a8d72782eee0205bda9d908cc550ccb3c59b99d750ff9537982e01733c1c94a58e35400661f57042158ff5e8f3e90cf936daf0fc
  languageName: node
  linkType: hard

"json5@npm:^2.2.2":
  version: 2.2.3
  resolution: "json5@npm:2.2.3"
  bin:
    json5: lib/cli.js
  checksum: 5a04eed94810fa55c5ea138b2f7a5c12b97c3750bc63d11e511dcecbfef758003861522a070c2272764ee0f4e3e323862f386945aeb5b85b87ee43f084ba586c
  languageName: node
  linkType: hard

"make-error@npm:^1.1.1":
  version: 1.3.6
  resolution: "make-error@npm:1.3.6"
  checksum: 171e458d86854c6b3fc46610cfacf0b45149ba043782558c6875d9f42f222124384ad0b468c92e996d815a8a2003817a710c0a160e49c1c394626f76fa45396f
  languageName: node
  linkType: hard

"minimatch@npm:^5.0.1":
  version: 5.1.6
  resolution: "minimatch@npm:5.1.6"
  dependencies:
    brace-expansion: "npm:^2.0.1"
  checksum: 3defdfd230914f22a8da203747c42ee3c405c39d4d37ffda284dac5e45b7e1f6c49aa8be606509002898e73091ff2a3bbfc59c2c6c71d4660609f63aa92f98e3
  languageName: node
  linkType: hard

"minimist@npm:^1.2.6":
  version: 1.2.8
  resolution: "minimist@npm:1.2.8"
  checksum: 19d3fcdca050087b84c2029841a093691a91259a47def2f18222f41e7645a0b7c44ef4b40e88a1e58a40c84d2ef0ee6047c55594d298146d0eb3f6b737c20ce6
  languageName: node
  linkType: hard

"mkdirp@npm:^2.1.3":
  version: 2.1.6
  resolution: "mkdirp@npm:2.1.6"
  bin:
    mkdirp: dist/cjs/src/bin.js
  checksum: 96f551c651dd8f5f9435d53df1a7b9bfc553be769ee6da5192c37c1f303a376ef1c6996f96913d4a8d357060451d4526a346031d1919f92c58806a5fa3cd8dfe
  languageName: node
  linkType: hard

"ms@npm:2.1.2":
  version: 2.1.2
  resolution: "ms@npm:2.1.2"
  checksum: a437714e2f90dbf881b5191d35a6db792efbca5badf112f87b9e1c712aace4b4b9b742dd6537f3edf90fd6f684de897cec230abde57e87883766712ddda297cc
  languageName: node
  linkType: hard

"mz@npm:^2.4.0":
  version: 2.7.0
  resolution: "mz@npm:2.7.0"
  dependencies:
    any-promise: "npm:^1.0.0"
    object-assign: "npm:^4.0.1"
    thenify-all: "npm:^1.0.0"
  checksum: 103114e93f87362f0b56ab5b2e7245051ad0276b646e3902c98397d18bb8f4a77f2ea4a2c9d3ad516034ea3a56553b60d3f5f78220001ca4c404bd711bd0af39
  languageName: node
  linkType: hard

"object-assign@npm:^4.0.1":
  version: 4.1.1
  resolution: "object-assign@npm:4.1.1"
  checksum: 1f4df9945120325d041ccf7b86f31e8bcc14e73d29171e37a7903050e96b81323784ec59f93f102ec635bcf6fa8034ba3ea0a8c7e69fa202b87ae3b6cec5a414
  languageName: node
  linkType: hard

"obuf@npm:~1.1.2":
  version: 1.1.2
  resolution: "obuf@npm:1.1.2"
  checksum: 520aaac7ea701618eacf000fc96ae458e20e13b0569845800fc582f81b386731ab22d55354b4915d58171db00e79cfcd09c1638c02f89577ef092b38c65b7d81
  languageName: node
  linkType: hard

"once@npm:^1.3.0":
  version: 1.4.0
  resolution: "once@npm:1.4.0"
  dependencies:
    wrappy: "npm:1"
  checksum: 5d48aca287dfefabd756621c5dfce5c91a549a93e9fdb7b8246bc4c4790aa2ec17b34a260530474635147aeb631a2dcc8b32c613df0675f96041cbb8244517d0
  languageName: node
  linkType: hard

"packet-reader@npm:1.0.0":
  version: 1.0.0
  resolution: "packet-reader@npm:1.0.0"
  checksum: c86c3321bb07e0f03cc2db59f7701184e0bbfcb914f1fdc963993b03262486deb402292adcef39b64e3530ea66b3b2e2163d6da7b3792a730bdd1c6df3175aaa
  languageName: node
  linkType: hard

"parse5-htmlparser2-tree-adapter@npm:^6.0.0":
  version: 6.0.1
  resolution: "parse5-htmlparser2-tree-adapter@npm:6.0.1"
  dependencies:
    parse5: "npm:^6.0.1"
  checksum: dfa5960e2aaf125707e19a4b1bc333de49232eba5a6ffffb95d313a7d6087c3b7a274b58bee8d3bd41bdf150638815d1d601a42bbf2a0345208c3c35b1279556
  languageName: node
  linkType: hard

"parse5@npm:^5.1.1":
  version: 5.1.1
  resolution: "parse5@npm:5.1.1"
  checksum: b0f87a77a7fea5f242e3d76917c983bbea47703b9371801d51536b78942db6441cbda174bf84eb30e47315ddc6f8a0b57d68e562c790154430270acd76c1fa03
  languageName: node
  linkType: hard

"parse5@npm:^6.0.1":
  version: 6.0.1
  resolution: "parse5@npm:6.0.1"
  checksum: 595821edc094ecbcfb9ddcb46a3e1fe3a718540f8320eff08b8cf6742a5114cce2d46d45f95c26191c11b184dcaf4e2960abcd9c5ed9eb9393ac9a37efcfdecb
  languageName: node
  linkType: hard

"pg-cloudflare@npm:^1.1.1":
  version: 1.1.1
  resolution: "pg-cloudflare@npm:1.1.1"
  checksum: a68b957f755be6af813d68ccaf4c906a000fd2ecb362cd281220052cc9e2f6c26da3b88792742387008c30b3bf0d2fa3a0eff04aeb8af4414023c99ae78e07bd
  languageName: node
  linkType: hard

"pg-connection-string@npm:^2.6.2":
  version: 2.6.2
  resolution: "pg-connection-string@npm:2.6.2"
  checksum: e8fdea74fcc8bdc3d7c5c6eadd9425fdba7e67fb7fe836f9c0cecad94c8984e435256657d1d8ce0483d1fedef667e7a57e32449a63cb805cb0289fc34b62da35
  languageName: node
  linkType: hard

"pg-int8@npm:1.0.1":
  version: 1.0.1
  resolution: "pg-int8@npm:1.0.1"
  checksum: be6a02d851fc2a4ae3e9de81710d861de3ba35ac927268973eb3cb618873a05b9424656df464dd43bd7dc3fc5295c3f5b3c8349494f87c7af50ec59ef14e0b98
  languageName: node
  linkType: hard

"pg-numeric@npm:1.0.2":
  version: 1.0.2
  resolution: "pg-numeric@npm:1.0.2"
  checksum: 43dd9884e7b52c79ddc28d2d282d7475fce8bba13452d33c04ceb2e0a65f561edf6699694e8e1c832ff9093770496363183c950dd29608e1bdd98f344b25bca9
  languageName: node
  linkType: hard

"pg-pool@npm:^3.6.1":
  version: 3.6.1
  resolution: "pg-pool@npm:3.6.1"
  peerDependencies:
    pg: ">=8.0"
  checksum: 47837c4e4c2b9e195cec01bd58b6e276acc915537191707ad4d6ed975fd9bc03c73f63cb7fde4cb0e08ed059e35faf60fbd03744dee3af71d4b4631ab40eeb7f
  languageName: node
  linkType: hard

"pg-protocol@npm:*, pg-protocol@npm:^1.6.0":
  version: 1.6.0
  resolution: "pg-protocol@npm:1.6.0"
  checksum: 318a4d1e9cebd3927b10a8bc412f5017117a1f9a5fafb628d75847da7d1ab81c33250de58596bd0990029e14e92a995a851286d60fc236692299faf509572213
  languageName: node
  linkType: hard

"pg-types@npm:^2.1.0":
  version: 2.2.0
  resolution: "pg-types@npm:2.2.0"
  dependencies:
    pg-int8: "npm:1.0.1"
    postgres-array: "npm:~2.0.0"
    postgres-bytea: "npm:~1.0.0"
    postgres-date: "npm:~1.0.4"
    postgres-interval: "npm:^1.1.0"
  checksum: ab3f8069a323f601cd2d2279ca8c425447dab3f9b61d933b0601d7ffc00d6200df25e26a4290b2b0783b59278198f7dd2ed03e94c4875797919605116a577c65
  languageName: node
  linkType: hard

"pg-types@npm:^4.0.1":
  version: 4.0.1
  resolution: "pg-types@npm:4.0.1"
  dependencies:
    pg-int8: "npm:1.0.1"
    pg-numeric: "npm:1.0.2"
    postgres-array: "npm:~3.0.1"
    postgres-bytea: "npm:~3.0.0"
    postgres-date: "npm:~2.0.1"
    postgres-interval: "npm:^3.0.0"
    postgres-range: "npm:^1.1.1"
  checksum: e2126b2775554ae8bacb3b104814487c2af2caff44cc52bee786b3887c65fe4c1fe031237e51e30ffed1cbb13b71776bd60cc1e65ac800c9946df4030849a074
  languageName: node
  linkType: hard

"pg@npm:^8.11.3":
  version: 8.11.3
  resolution: "pg@npm:8.11.3"
  dependencies:
    buffer-writer: "npm:2.0.0"
    packet-reader: "npm:1.0.0"
    pg-cloudflare: "npm:^1.1.1"
    pg-connection-string: "npm:^2.6.2"
    pg-pool: "npm:^3.6.1"
    pg-protocol: "npm:^1.6.0"
    pg-types: "npm:^2.1.0"
    pgpass: "npm:1.x"
  peerDependencies:
    pg-native: ">=3.0.1"
  dependenciesMeta:
    pg-cloudflare:
      optional: true
  peerDependenciesMeta:
    pg-native:
      optional: true
  checksum: 07e6967fc8bd5d72bab9be6620626e8e3ab59128ebf56bf0de83d67f10801a19221d88b3317e90b93339ba48d0498b39967b782ae39686aabda6bc647bceb438
  languageName: node
  linkType: hard

"pgpass@npm:1.x":
  version: 1.0.5
  resolution: "pgpass@npm:1.0.5"
  dependencies:
    split2: "npm:^4.1.0"
  checksum: 5ea6c9b2de04c33abb08d33a2dded303c4a3c7162a9264519cbe85c0a9857d712463140ba42fad0c7cd4b21f644dd870b45bb2e02fcbe505b4de0744fd802c1d
  languageName: node
  linkType: hard

"postgres-array@npm:~2.0.0":
  version: 2.0.0
  resolution: "postgres-array@npm:2.0.0"
  checksum: cbd56207e4141d7fbf08c86f2aebf21fa7064943d3f808ec85f442ff94b48d891e7a144cc02665fb2de5dbcb9b8e3183a2ac749959e794b4a4cfd379d7a21d08
  languageName: node
  linkType: hard

"postgres-array@npm:~3.0.1":
  version: 3.0.2
  resolution: "postgres-array@npm:3.0.2"
  checksum: 644aa071f67a66a59f641f8e623887d2b915bc102a32643e2aa8b54c11acd343c5ad97831ea444dd37bd4b921ba35add4aa2cb0c6b76700a8252c2324aeba5b4
  languageName: node
  linkType: hard

"postgres-bytea@npm:~1.0.0":
  version: 1.0.0
  resolution: "postgres-bytea@npm:1.0.0"
  checksum: febf2364b8a8953695cac159eeb94542ead5886792a9627b97e33f6b5bb6e263bc0706ab47ec221516e79fbd6b2452d668841830fb3b49ec6c0fc29be61892ce
  languageName: node
  linkType: hard

"postgres-bytea@npm:~3.0.0":
  version: 3.0.0
  resolution: "postgres-bytea@npm:3.0.0"
  dependencies:
    obuf: "npm:~1.1.2"
  checksum: 41c79cc48aa730c5ba3eda6ab989a940034f07a1f57b8f2777dce56f1b8cca16c5870582932b5b10cc605048aef9b6157e06253c871b4717cafc6d00f55376aa
  languageName: node
  linkType: hard

"postgres-date@npm:~1.0.4":
  version: 1.0.7
  resolution: "postgres-date@npm:1.0.7"
  checksum: 0ff91fccc64003e10b767fcfeefb5eaffbc522c93aa65d5051c49b3c4ce6cb93ab091a7d22877a90ad60b8874202c6f1d0f935f38a7235ed3b258efd54b97ca9
  languageName: node
  linkType: hard

"postgres-date@npm:~2.0.1":
  version: 2.0.1
  resolution: "postgres-date@npm:2.0.1"
  checksum: 2d3698958f858b7d1df0a3929fb8750ccb43fa2c8ee9fec7a021e7926291f6c85ddd9d94d87cd6529d70bd2444f3e14fb5bb323af19ceaa733542cc05c5c653a
  languageName: node
  linkType: hard

"postgres-interval@npm:^1.1.0":
  version: 1.2.0
  resolution: "postgres-interval@npm:1.2.0"
  dependencies:
    xtend: "npm:^4.0.0"
  checksum: c1734c3cb79e7f22579af0b268a463b1fa1d084e742a02a7a290c4f041e349456f3bee3b4ee0bb3f226828597f7b76deb615c1b857db9a742c45520100456272
  languageName: node
  linkType: hard

"postgres-interval@npm:^3.0.0":
  version: 3.0.0
  resolution: "postgres-interval@npm:3.0.0"
  checksum: 8b570b30ea37c685e26d136d34460f246f98935a1533defc4b53bb05ee23ae3dc7475b718ec7ea607a57894d8c6b4f1adf67ca9cc83a75bdacffd427d5c68de8
  languageName: node
  linkType: hard

"postgres-range@npm:^1.1.1":
  version: 1.1.3
  resolution: "postgres-range@npm:1.1.3"
  checksum: f46bc379a198a9e3282a222c8e432d77494854bd4fa0706dff01641846db0bf4f09a9723e7fbb202da34ec3b2d88fc50e26e4bbeded7df19646e3acd6a7465ce
  languageName: node
  linkType: hard

"prettier@npm:^3.1.0":
  version: 3.1.0
  resolution: "prettier@npm:3.1.0"
  bin:
    prettier: bin/prettier.cjs
  checksum: a45ea70aa97fde162ea4c4aba3dfc7859aa6a732a1db34458d9535dc3c2c16d3bc3fb5689e6cd76aa835562555303b02d9449fd2e15af3b73c8053557e25c5b6
  languageName: node
  linkType: hard

"reflect-metadata@npm:^0.1.13":
  version: 0.1.13
  resolution: "reflect-metadata@npm:0.1.13"
  checksum: 728bff0b376b05639fd11ed80c648b61f7fe653c5b506d7ca118e58b6752b9b00810fe0c86227ecf02bd88da6251ab3eb19fd403aaf2e9ff5ef36a2fda643026
  languageName: node
  linkType: hard

"regenerator-runtime@npm:^0.14.0":
  version: 0.14.0
  resolution: "regenerator-runtime@npm:0.14.0"
  checksum: e25f062c1a183f81c99681691a342760e65c55e8d3a4d4fe347ebe72433b123754b942b70b622959894e11f8a9131dc549bd3c9a5234677db06a4af42add8d12
  languageName: node
  linkType: hard

"require-directory@npm:^2.1.1":
  version: 2.1.1
  resolution: "require-directory@npm:2.1.1"
  checksum: 83aa76a7bc1531f68d92c75a2ca2f54f1b01463cb566cf3fbc787d0de8be30c9dbc211d1d46be3497dac5785fe296f2dd11d531945ac29730643357978966e99
  languageName: node
  linkType: hard

"safe-buffer@npm:^5.0.1":
  version: 5.2.1
  resolution: "safe-buffer@npm:5.2.1"
  checksum: 6501914237c0a86e9675d4e51d89ca3c21ffd6a31642efeba25ad65720bce6921c9e7e974e5be91a786b25aa058b5303285d3c15dbabf983a919f5f630d349f3
  languageName: node
  linkType: hard

"sha.js@npm:^2.4.11":
  version: 2.4.11
  resolution: "sha.js@npm:2.4.11"
  dependencies:
    inherits: "npm:^2.0.1"
    safe-buffer: "npm:^5.0.1"
  bin:
    sha.js: ./bin.js
  checksum: b7a371bca8821c9cc98a0aeff67444a03d48d745cb103f17228b96793f455f0eb0a691941b89ea1e60f6359207e36081d9be193252b0f128e0daf9cfea2815a5
  languageName: node
  linkType: hard

"split2@npm:^4.1.0":
  version: 4.2.0
  resolution: "split2@npm:4.2.0"
  checksum: b292beb8ce9215f8c642bb68be6249c5a4c7f332fc8ecadae7be5cbdf1ea95addc95f0459ef2e7ad9d45fd1064698a097e4eb211c83e772b49bc0ee423e91534
  languageName: node
  linkType: hard

"string-width@npm:^4.1.0, string-width@npm:^4.2.0, string-width@npm:^4.2.3":
  version: 4.2.3
  resolution: "string-width@npm:4.2.3"
  dependencies:
    emoji-regex: "npm:^8.0.0"
    is-fullwidth-code-point: "npm:^3.0.0"
    strip-ansi: "npm:^6.0.1"
  checksum: 1e525e92e5eae0afd7454086eed9c818ee84374bb80328fc41217ae72ff5f065ef1c9d7f72da41de40c75fa8bb3dee63d92373fd492c84260a552c636392a47b
  languageName: node
  linkType: hard

"strip-ansi@npm:^6.0.0, strip-ansi@npm:^6.0.1":
  version: 6.0.1
  resolution: "strip-ansi@npm:6.0.1"
  dependencies:
    ansi-regex: "npm:^5.0.1"
  checksum: 1ae5f212a126fe5b167707f716942490e3933085a5ff6c008ab97ab2f272c8025d3aa218b7bd6ab25729ca20cc81cddb252102f8751e13482a5199e873680952
  languageName: node
  linkType: hard

"strip-bom@npm:^3.0.0":
  version: 3.0.0
  resolution: "strip-bom@npm:3.0.0"
  checksum: 51201f50e021ef16672593d7434ca239441b7b760e905d9f33df6e4f3954ff54ec0e0a06f100d028af0982d6f25c35cd5cda2ce34eaebccd0250b8befb90d8f1
  languageName: node
  linkType: hard

"supports-color@npm:^7.1.0":
  version: 7.2.0
  resolution: "supports-color@npm:7.2.0"
  dependencies:
    has-flag: "npm:^4.0.0"
  checksum: afb4c88521b8b136b5f5f95160c98dee7243dc79d5432db7efc27efb219385bbc7d9427398e43dd6cc730a0f87d5085ce1652af7efbe391327bc0a7d0f7fc124
  languageName: node
  linkType: hard

"thenify-all@npm:^1.0.0":
  version: 1.6.0
  resolution: "thenify-all@npm:1.6.0"
  dependencies:
    thenify: "npm:>= 3.1.0 < 4"
  checksum: 9b896a22735e8122754fe70f1d65f7ee691c1d70b1f116fda04fea103d0f9b356e3676cb789506e3909ae0486a79a476e4914b0f92472c2e093d206aed4b7d6b
  languageName: node
  linkType: hard

"thenify@npm:>= 3.1.0 < 4":
  version: 3.3.1
  resolution: "thenify@npm:3.3.1"
  dependencies:
    any-promise: "npm:^1.0.0"
  checksum: f375aeb2b05c100a456a30bc3ed07ef03a39cbdefe02e0403fb714b8c7e57eeaad1a2f5c4ecfb9ce554ce3db9c2b024eba144843cd9e344566d9fcee73b04767
  languageName: node
  linkType: hard

"ts-node@npm:^10.9.1":
  version: 10.9.1
  resolution: "ts-node@npm:10.9.1"
  dependencies:
    "@cspotcode/source-map-support": "npm:^0.8.0"
    "@tsconfig/node10": "npm:^1.0.7"
    "@tsconfig/node12": "npm:^1.0.7"
    "@tsconfig/node14": "npm:^1.0.0"
    "@tsconfig/node16": "npm:^1.0.2"
    acorn: "npm:^8.4.1"
    acorn-walk: "npm:^8.1.1"
    arg: "npm:^4.1.0"
    create-require: "npm:^1.1.0"
    diff: "npm:^4.0.1"
    make-error: "npm:^1.1.1"
    v8-compile-cache-lib: "npm:^3.0.1"
    yn: "npm:3.1.1"
  peerDependencies:
    "@swc/core": ">=1.2.50"
    "@swc/wasm": ">=1.2.50"
    "@types/node": "*"
    typescript: ">=2.7"
  peerDependenciesMeta:
    "@swc/core":
      optional: true
    "@swc/wasm":
      optional: true
  bin:
    ts-node: dist/bin.js
    ts-node-cwd: dist/bin-cwd.js
    ts-node-esm: dist/bin-esm.js
    ts-node-script: dist/bin-script.js
    ts-node-transpile-only: dist/bin-transpile.js
    ts-script: dist/bin-script-deprecated.js
  checksum: 95187932fb83f3901e22546bd2feeac7d2feb4f412f42ac3a595f049a23e8dcf70516dffb51866391228ea2dbcfaea039e250fb2bb334d48a86ab2b6aea0ae2d
  languageName: node
  linkType: hard

"tsconfig-paths@npm:^4.2.0":
  version: 4.2.0
  resolution: "tsconfig-paths@npm:4.2.0"
  dependencies:
    json5: "npm:^2.2.2"
    minimist: "npm:^1.2.6"
    strip-bom: "npm:^3.0.0"
  checksum: 09a5877402d082bb1134930c10249edeebc0211f36150c35e1c542e5b91f1047b1ccf7da1e59babca1ef1f014c525510f4f870de7c9bda470c73bb4e2721b3ea
  languageName: node
  linkType: hard

"tslib@npm:^2.5.0, tslib@npm:^2.6.2":
  version: 2.6.2
  resolution: "tslib@npm:2.6.2"
  checksum: e03a8a4271152c8b26604ed45535954c0a45296e32445b4b87f8a5abdb2421f40b59b4ca437c4346af0f28179780d604094eb64546bee2019d903d01c6c19bdb
  languageName: node
  linkType: hard

"typeorm@npm:^0.3.17":
  version: 0.3.17
  resolution: "typeorm@npm:0.3.17"
  dependencies:
    "@sqltools/formatter": "npm:^1.2.5"
    app-root-path: "npm:^3.1.0"
    buffer: "npm:^6.0.3"
    chalk: "npm:^4.1.2"
    cli-highlight: "npm:^2.1.11"
    date-fns: "npm:^2.29.3"
    debug: "npm:^4.3.4"
    dotenv: "npm:^16.0.3"
    glob: "npm:^8.1.0"
    mkdirp: "npm:^2.1.3"
    reflect-metadata: "npm:^0.1.13"
    sha.js: "npm:^2.4.11"
    tslib: "npm:^2.5.0"
    uuid: "npm:^9.0.0"
    yargs: "npm:^17.6.2"
  peerDependencies:
    "@google-cloud/spanner": ^5.18.0
    "@sap/hana-client": ^2.12.25
    better-sqlite3: ^7.1.2 || ^8.0.0
    hdb-pool: ^0.1.6
    ioredis: ^5.0.4
    mongodb: ^5.2.0
    mssql: ^9.1.1
    mysql2: ^2.2.5 || ^3.0.1
    oracledb: ^5.1.0
    pg: ^8.5.1
    pg-native: ^3.0.0
    pg-query-stream: ^4.0.0
    redis: ^3.1.1 || ^4.0.0
    sql.js: ^1.4.0
    sqlite3: ^5.0.3
    ts-node: ^10.7.0
    typeorm-aurora-data-api-driver: ^2.0.0
  peerDependenciesMeta:
    "@google-cloud/spanner":
      optional: true
    "@sap/hana-client":
      optional: true
    better-sqlite3:
      optional: true
    hdb-pool:
      optional: true
    ioredis:
      optional: true
    mongodb:
      optional: true
    mssql:
      optional: true
    mysql2:
      optional: true
    oracledb:
      optional: true
    pg:
      optional: true
    pg-native:
      optional: true
    pg-query-stream:
      optional: true
    redis:
      optional: true
    sql.js:
      optional: true
    sqlite3:
      optional: true
    ts-node:
      optional: true
    typeorm-aurora-data-api-driver:
      optional: true
  bin:
    typeorm: cli.js
    typeorm-ts-node-commonjs: cli-ts-node-commonjs.js
    typeorm-ts-node-esm: cli-ts-node-esm.js
  checksum: 589b8e384310cf25061fe1bd8f396eb08340da90fa4d03aa5db6f6be4709ac667ff81e8a4b00e0896c85a79ed05a125b5a2e57c84ab0c22192be55556a46372a
  languageName: node
  linkType: hard

"typescript@npm:^5.3.2":
  version: 5.3.2
  resolution: "typescript@npm:5.3.2"
  bin:
    tsc: bin/tsc
    tsserver: bin/tsserver
  checksum: d7dbe1fbe19039e36a65468ea64b5d338c976550394ba576b7af9c68ed40c0bc5d12ecce390e4b94b287a09a71bd3229f19c2d5680611f35b7c53a3898791159
  languageName: node
  linkType: hard

"typescript@patch:typescript@npm%3A^5.3.2#optional!builtin<compat/typescript>":
  version: 5.3.2
  resolution: "typescript@patch:typescript@npm%3A5.3.2#optional!builtin<compat/typescript>::version=5.3.2&hash=e012d7"
  bin:
    tsc: bin/tsc
    tsserver: bin/tsserver
  checksum: 73c8bad74e732d93211c9d77f28b03307e2f5fc6a0afc73f4b783261ab567686a16d6ae958bdaef383a00be1b0b8c8b6741dd6ca3d13af4963fa7e47456d49c7
  languageName: node
  linkType: hard

"undici-types@npm:~5.26.4":
  version: 5.26.5
  resolution: "undici-types@npm:5.26.5"
  checksum: bb673d7876c2d411b6eb6c560e0c571eef4a01c1c19925175d16e3a30c4c428181fb8d7ae802a261f283e4166a0ac435e2f505743aa9e45d893f9a3df017b501
  languageName: node
  linkType: hard

"uuid@npm:^9.0.0":
  version: 9.0.1
  resolution: "uuid@npm:9.0.1"
  bin:
    uuid: dist/bin/uuid
  checksum: 1607dd32ac7fc22f2d8f77051e6a64845c9bce5cd3dd8aa0070c074ec73e666a1f63c7b4e0f4bf2bc8b9d59dc85a15e17807446d9d2b17c8485fbc2147b27f9b
  languageName: node
  linkType: hard

"v8-compile-cache-lib@npm:^3.0.1":
  version: 3.0.1
  resolution: "v8-compile-cache-lib@npm:3.0.1"
  checksum: bdc36fb8095d3b41df197f5fb6f11e3a26adf4059df3213e3baa93810d8f0cc76f9a74aaefc18b73e91fe7e19154ed6f134eda6fded2e0f1c8d2272ed2d2d391
  languageName: node
  linkType: hard

"wrap-ansi@npm:^7.0.0":
  version: 7.0.0
  resolution: "wrap-ansi@npm:7.0.0"
  dependencies:
    ansi-styles: "npm:^4.0.0"
    string-width: "npm:^4.1.0"
    strip-ansi: "npm:^6.0.0"
  checksum: d15fc12c11e4cbc4044a552129ebc75ee3f57aa9c1958373a4db0292d72282f54373b536103987a4a7594db1ef6a4f10acf92978f79b98c49306a4b58c77d4da
  languageName: node
  linkType: hard

"wrappy@npm:1":
  version: 1.0.2
  resolution: "wrappy@npm:1.0.2"
  checksum: 56fece1a4018c6a6c8e28fbc88c87e0fbf4ea8fd64fc6c63b18f4acc4bd13e0ad2515189786dd2c30d3eec9663d70f4ecf699330002f8ccb547e4a18231fc9f0
  languageName: node
  linkType: hard

"xtend@npm:^4.0.0":
  version: 4.0.2
  resolution: "xtend@npm:4.0.2"
  checksum: 366ae4783eec6100f8a02dff02ac907bf29f9a00b82ac0264b4d8b832ead18306797e283cf19de776538babfdcb2101375ec5646b59f08c52128ac4ab812ed0e
  languageName: node
  linkType: hard

"y18n@npm:^5.0.5":
  version: 5.0.8
  resolution: "y18n@npm:5.0.8"
  checksum: 4df2842c36e468590c3691c894bc9cdbac41f520566e76e24f59401ba7d8b4811eb1e34524d57e54bc6d864bcb66baab7ffd9ca42bf1eda596618f9162b91249
  languageName: node
  linkType: hard

"yargs-parser@npm:^20.2.2":
  version: 20.2.9
  resolution: "yargs-parser@npm:20.2.9"
  checksum: 0685a8e58bbfb57fab6aefe03c6da904a59769bd803a722bb098bd5b0f29d274a1357762c7258fb487512811b8063fb5d2824a3415a0a4540598335b3b086c72
  languageName: node
  linkType: hard

"yargs-parser@npm:^21.1.1":
  version: 21.1.1
  resolution: "yargs-parser@npm:21.1.1"
  checksum: f84b5e48169479d2f402239c59f084cfd1c3acc197a05c59b98bab067452e6b3ea46d4dd8ba2985ba7b3d32a343d77df0debd6b343e5dae3da2aab2cdf5886b2
  languageName: node
  linkType: hard

"yargs@npm:^16.0.0":
  version: 16.2.0
  resolution: "yargs@npm:16.2.0"
  dependencies:
    cliui: "npm:^7.0.2"
    escalade: "npm:^3.1.1"
    get-caller-file: "npm:^2.0.5"
    require-directory: "npm:^2.1.1"
    string-width: "npm:^4.2.0"
    y18n: "npm:^5.0.5"
    yargs-parser: "npm:^20.2.2"
  checksum: b1dbfefa679848442454b60053a6c95d62f2d2e21dd28def92b647587f415969173c6e99a0f3bab4f1b67ee8283bf735ebe3544013f09491186ba9e8a9a2b651
  languageName: node
  linkType: hard

"yargs@npm:^17.6.2":
  version: 17.7.2
  resolution: "yargs@npm:17.7.2"
  dependencies:
    cliui: "npm:^8.0.1"
    escalade: "npm:^3.1.1"
    get-caller-file: "npm:^2.0.5"
    require-directory: "npm:^2.1.1"
    string-width: "npm:^4.2.3"
    y18n: "npm:^5.0.5"
    yargs-parser: "npm:^21.1.1"
  checksum: ccd7e723e61ad5965fffbb791366db689572b80cca80e0f96aad968dfff4156cd7cd1ad18607afe1046d8241e6fb2d6c08bf7fa7bfb5eaec818735d8feac8f05
  languageName: node
  linkType: hard

"yn@npm:3.1.1":
  version: 3.1.1
  resolution: "yn@npm:3.1.1"
  checksum: 0732468dd7622ed8a274f640f191f3eaf1f39d5349a1b72836df484998d7d9807fbea094e2f5486d6b0cd2414aad5775972df0e68f8604db89a239f0f4bf7443
  languageName: node
  linkType: hard
